// !$*UTF8*$!
{
	archiveVersion = 1;
	classes = {
	};
	objectVersion = 50;
	objects = {

/* Begin PBXBuildFile section */
		4CC6EC0E26091683002C6079 /* AppDelegate.swift in Sources */ = {isa = PBXBuildFile; fileRef = 4CC6EC0D26091683002C6079 /* AppDelegate.swift */; };
		4CC6EC1026091683002C6079 /* SceneDelegate.swift in Sources */ = {isa = PBXBuildFile; fileRef = 4CC6EC0F26091683002C6079 /* SceneDelegate.swift */; };
		4CC6EC1226091683002C6079 /* ViewController.swift in Sources */ = {isa = PBXBuildFile; fileRef = 4CC6EC1126091683002C6079 /* ViewController.swift */; };
		4CC6EC1526091683002C6079 /* Main.storyboard in Resources */ = {isa = PBXBuildFile; fileRef = 4CC6EC1326091683002C6079 /* Main.storyboard */; };
		4CC6EC1726091684002C6079 /* Assets.xcassets in Resources */ = {isa = PBXBuildFile; fileRef = 4CC6EC1626091684002C6079 /* Assets.xcassets */; };
		4CC6EC1A26091684002C6079 /* LaunchScreen.storyboard in Resources */ = {isa = PBXBuildFile; fileRef = 4CC6EC1826091684002C6079 /* LaunchScreen.storyboard */; };
		4CC6EC2526091684002C6079 /* UdderTests.swift in Sources */ = {isa = PBXBuildFile; fileRef = 4CC6EC2426091684002C6079 /* UdderTests.swift */; };
		4CC6EC3026091684002C6079 /* UdderUITests.swift in Sources */ = {isa = PBXBuildFile; fileRef = 4CC6EC2F26091684002C6079 /* UdderUITests.swift */; };
/* End PBXBuildFile section */

/* Begin PBXContainerItemProxy section */
		4CC6EC2126091684002C6079 /* PBXContainerItemProxy */ = {
			isa = PBXContainerItemProxy;
			containerPortal = 4CC6EC0226091683002C6079 /* Project object */;
			proxyType = 1;
			remoteGlobalIDString = 4CC6EC0926091683002C6079;
			remoteInfo = Udder;
		};
		4CC6EC2C26091684002C6079 /* PBXContainerItemProxy */ = {
			isa = PBXContainerItemProxy;
			containerPortal = 4CC6EC0226091683002C6079 /* Project object */;
			proxyType = 1;
			remoteGlobalIDString = 4CC6EC0926091683002C6079;
			remoteInfo = Udder;
		};
/* End PBXContainerItemProxy section */

/* Begin PBXFileReference section */
		4CC6EC0A26091683002C6079 /* Udder.app */ = {isa = PBXFileReference; explicitFileType = wrapper.application; includeInIndex = 0; path = Udder.app; sourceTree = BUILT_PRODUCTS_DIR; };
		4CC6EC0D26091683002C6079 /* AppDelegate.swift */ = {isa = PBXFileReference; lastKnownFileType = sourcecode.swift; path = AppDelegate.swift; sourceTree = "<group>"; };
		4CC6EC0F26091683002C6079 /* SceneDelegate.swift */ = {isa = PBXFileReference; lastKnownFileType = sourcecode.swift; path = SceneDelegate.swift; sourceTree = "<group>"; };
		4CC6EC1126091683002C6079 /* ViewController.swift */ = {isa = PBXFileReference; lastKnownFileType = sourcecode.swift; path = ViewController.swift; sourceTree = "<group>"; };
		4CC6EC1426091683002C6079 /* Base */ = {isa = PBXFileReference; lastKnownFileType = file.storyboard; name = Base; path = Base.lproj/Main.storyboard; sourceTree = "<group>"; };
		4CC6EC1626091684002C6079 /* Assets.xcassets */ = {isa = PBXFileReference; lastKnownFileType = folder.assetcatalog; path = Assets.xcassets; sourceTree = "<group>"; };
		4CC6EC1926091684002C6079 /* Base */ = {isa = PBXFileReference; lastKnownFileType = file.storyboard; name = Base; path = Base.lproj/LaunchScreen.storyboard; sourceTree = "<group>"; };
		4CC6EC1B26091684002C6079 /* Info.plist */ = {isa = PBXFileReference; lastKnownFileType = text.plist.xml; path = Info.plist; sourceTree = "<group>"; };
		4CC6EC2026091684002C6079 /* UdderTests.xctest */ = {isa = PBXFileReference; explicitFileType = wrapper.cfbundle; includeInIndex = 0; path = UdderTests.xctest; sourceTree = BUILT_PRODUCTS_DIR; };
		4CC6EC2426091684002C6079 /* UdderTests.swift */ = {isa = PBXFileReference; lastKnownFileType = sourcecode.swift; path = UdderTests.swift; sourceTree = "<group>"; };
		4CC6EC2626091684002C6079 /* Info.plist */ = {isa = PBXFileReference; lastKnownFileType = text.plist.xml; path = Info.plist; sourceTree = "<group>"; };
		4CC6EC2B26091684002C6079 /* UdderUITests.xctest */ = {isa = PBXFileReference; explicitFileType = wrapper.cfbundle; includeInIndex = 0; path = UdderUITests.xctest; sourceTree = BUILT_PRODUCTS_DIR; };
		4CC6EC2F26091684002C6079 /* UdderUITests.swift */ = {isa = PBXFileReference; lastKnownFileType = sourcecode.swift; path = UdderUITests.swift; sourceTree = "<group>"; };
		4CC6EC3126091684002C6079 /* Info.plist */ = {isa = PBXFileReference; lastKnownFileType = text.plist.xml; path = Info.plist; sourceTree = "<group>"; };
/* End PBXFileReference section */

/* Begin PBXFrameworksBuildPhase section */
		4CC6EC0726091683002C6079 /* Frameworks */ = {
			isa = PBXFrameworksBuildPhase;
			buildActionMask = 2147483647;
			files = (
			);
			runOnlyForDeploymentPostprocessing = 0;
		};
		4CC6EC1D26091684002C6079 /* Frameworks */ = {
			isa = PBXFrameworksBuildPhase;
			buildActionMask = 2147483647;
			files = (
			);
			runOnlyForDeploymentPostprocessing = 0;
		};
		4CC6EC2826091684002C6079 /* Frameworks */ = {
			isa = PBXFrameworksBuildPhase;
			buildActionMask = 2147483647;
			files = (
			);
			runOnlyForDeploymentPostprocessing = 0;
		};
/* End PBXFrameworksBuildPhase section */

/* Begin PBXGroup section */
		4CC6EC0126091683002C6079 = {
			isa = PBXGroup;
			children = (
				4CC6EC0C26091683002C6079 /* Udder */,
				4CC6EC2326091684002C6079 /* UdderTests */,
				4CC6EC2E26091684002C6079 /* UdderUITests */,
				4CC6EC0B26091683002C6079 /* Products */,
			);
			sourceTree = "<group>";
		};
		4CC6EC0B26091683002C6079 /* Products */ = {
			isa = PBXGroup;
			children = (
				4CC6EC0A26091683002C6079 /* Udder.app */,
				4CC6EC2026091684002C6079 /* UdderTests.xctest */,
				4CC6EC2B26091684002C6079 /* UdderUITests.xctest */,
			);
			name = Products;
			sourceTree = "<group>";
		};
		4CC6EC0C26091683002C6079 /* Udder */ = {
			isa = PBXGroup;
			children = (
				4CC6EC0D26091683002C6079 /* AppDelegate.swift */,
				4CC6EC0F26091683002C6079 /* SceneDelegate.swift */,
				4CC6EC1126091683002C6079 /* ViewController.swift */,
				4CC6EC1326091683002C6079 /* Main.storyboard */,
				4CC6EC1626091684002C6079 /* Assets.xcassets */,
				4CC6EC1826091684002C6079 /* LaunchScreen.storyboard */,
				4CC6EC1B26091684002C6079 /* Info.plist */,
			);
			path = Udder;
			sourceTree = "<group>";
		};
		4CC6EC2326091684002C6079 /* UdderTests */ = {
			isa = PBXGroup;
			children = (
				4CC6EC2426091684002C6079 /* UdderTests.swift */,
				4CC6EC2626091684002C6079 /* Info.plist */,
			);
			path = UdderTests;
			sourceTree = "<group>";
		};
		4CC6EC2E26091684002C6079 /* UdderUITests */ = {
			isa = PBXGroup;
			children = (
				4CC6EC2F26091684002C6079 /* UdderUITests.swift */,
				4CC6EC3126091684002C6079 /* Info.plist */,
			);
			path = UdderUITests;
			sourceTree = "<group>";
		};
/* End PBXGroup section */

/* Begin PBXNativeTarget section */
		4CC6EC0926091683002C6079 /* Udder */ = {
			isa = PBXNativeTarget;
			buildConfigurationList = 4CC6EC3426091684002C6079 /* Build configuration list for PBXNativeTarget "Udder" */;
			buildPhases = (
				4CC6EC0626091683002C6079 /* Sources */,
				4CC6EC0726091683002C6079 /* Frameworks */,
				4CC6EC0826091683002C6079 /* Resources */,
			);
			buildRules = (
			);
			dependencies = (
			);
			name = Udder;
			productName = Udder;
			productReference = 4CC6EC0A26091683002C6079 /* Udder.app */;
			productType = "com.apple.product-type.application";
		};
		4CC6EC1F26091684002C6079 /* UdderTests */ = {
			isa = PBXNativeTarget;
			buildConfigurationList = 4CC6EC3726091684002C6079 /* Build configuration list for PBXNativeTarget "UdderTests" */;
			buildPhases = (
				4CC6EC1C26091684002C6079 /* Sources */,
				4CC6EC1D26091684002C6079 /* Frameworks */,
				4CC6EC1E26091684002C6079 /* Resources */,
			);
			buildRules = (
			);
			dependencies = (
				4CC6EC2226091684002C6079 /* PBXTargetDependency */,
			);
			name = UdderTests;
			productName = UdderTests;
			productReference = 4CC6EC2026091684002C6079 /* UdderTests.xctest */;
			productType = "com.apple.product-type.bundle.unit-test";
		};
		4CC6EC2A26091684002C6079 /* UdderUITests */ = {
			isa = PBXNativeTarget;
			buildConfigurationList = 4CC6EC3A26091684002C6079 /* Build configuration list for PBXNativeTarget "UdderUITests" */;
			buildPhases = (
				4CC6EC2726091684002C6079 /* Sources */,
				4CC6EC2826091684002C6079 /* Frameworks */,
				4CC6EC2926091684002C6079 /* Resources */,
			);
			buildRules = (
			);
			dependencies = (
				4CC6EC2D26091684002C6079 /* PBXTargetDependency */,
			);
			name = UdderUITests;
			productName = UdderUITests;
			productReference = 4CC6EC2B26091684002C6079 /* UdderUITests.xctest */;
			productType = "com.apple.product-type.bundle.ui-testing";
		};
/* End PBXNativeTarget section */

/* Begin PBXProject section */
		4CC6EC0226091683002C6079 /* Project object */ = {
			isa = PBXProject;
			attributes = {
				LastSwiftUpdateCheck = 1240;
				LastUpgradeCheck = 1240;
				TargetAttributes = {
					4CC6EC0926091683002C6079 = {
						CreatedOnToolsVersion = 12.4;
					};
					4CC6EC1F26091684002C6079 = {
						CreatedOnToolsVersion = 12.4;
						TestTargetID = 4CC6EC0926091683002C6079;
					};
					4CC6EC2A26091684002C6079 = {
						CreatedOnToolsVersion = 12.4;
						TestTargetID = 4CC6EC0926091683002C6079;
					};
				};
			};
			buildConfigurationList = 4CC6EC0526091683002C6079 /* Build configuration list for PBXProject "Udder" */;
			compatibilityVersion = "Xcode 9.3";
			developmentRegion = en;
			hasScannedForEncodings = 0;
			knownRegions = (
				en,
				Base,
			);
			mainGroup = 4CC6EC0126091683002C6079;
			productRefGroup = 4CC6EC0B26091683002C6079 /* Products */;
			projectDirPath = "";
			projectRoot = "";
			targets = (
				4CC6EC0926091683002C6079 /* Udder */,
				4CC6EC1F26091684002C6079 /* UdderTests */,
				4CC6EC2A26091684002C6079 /* UdderUITests */,
			);
		};
/* End PBXProject section */

/* Begin PBXResourcesBuildPhase section */
		4CC6EC0826091683002C6079 /* Resources */ = {
			isa = PBXResourcesBuildPhase;
			buildActionMask = 2147483647;
			files = (
				4CC6EC1A26091684002C6079 /* LaunchScreen.storyboard in Resources */,
				4CC6EC1726091684002C6079 /* Assets.xcassets in Resources */,
				4CC6EC1526091683002C6079 /* Main.storyboard in Resources */,
			);
			runOnlyForDeploymentPostprocessing = 0;
		};
		4CC6EC1E26091684002C6079 /* Resources */ = {
			isa = PBXResourcesBuildPhase;
			buildActionMask = 2147483647;
			files = (
			);
			runOnlyForDeploymentPostprocessing = 0;
		};
		4CC6EC2926091684002C6079 /* Resources */ = {
			isa = PBXResourcesBuildPhase;
			buildActionMask = 2147483647;
			files = (
			);
			runOnlyForDeploymentPostprocessing = 0;
		};
/* End PBXResourcesBuildPhase section */

/* Begin PBXSourcesBuildPhase section */
		4CC6EC0626091683002C6079 /* Sources */ = {
			isa = PBXSourcesBuildPhase;
			buildActionMask = 2147483647;
			files = (
				4CC6EC1226091683002C6079 /* ViewController.swift in Sources */,
				4CC6EC0E26091683002C6079 /* AppDelegate.swift in Sources */,
				4CC6EC1026091683002C6079 /* SceneDelegate.swift in Sources */,
			);
			runOnlyForDeploymentPostprocessing = 0;
		};
		4CC6EC1C26091684002C6079 /* Sources */ = {
			isa = PBXSourcesBuildPhase;
			buildActionMask = 2147483647;
			files = (
				4CC6EC2526091684002C6079 /* UdderTests.swift in Sources */,
			);
			runOnlyForDeploymentPostprocessing = 0;
		};
		4CC6EC2726091684002C6079 /* Sources */ = {
			isa = PBXSourcesBuildPhase;
			buildActionMask = 2147483647;
			files = (
				4CC6EC3026091684002C6079 /* UdderUITests.swift in Sources */,
			);
			runOnlyForDeploymentPostprocessing = 0;
		};
/* End PBXSourcesBuildPhase section */

/* Begin PBXTargetDependency section */
		4CC6EC2226091684002C6079 /* PBXTargetDependency */ = {
			isa = PBXTargetDependency;
			target = 4CC6EC0926091683002C6079 /* Udder */;
			targetProxy = 4CC6EC2126091684002C6079 /* PBXContainerItemProxy */;
		};
		4CC6EC2D26091684002C6079 /* PBXTargetDependency */ = {
			isa = PBXTargetDependency;
			target = 4CC6EC0926091683002C6079 /* Udder */;
			targetProxy = 4CC6EC2C26091684002C6079 /* PBXContainerItemProxy */;
		};
/* End PBXTargetDependency section */

/* Begin PBXVariantGroup section */
		4CC6EC1326091683002C6079 /* Main.storyboard */ = {
			isa = PBXVariantGroup;
			children = (
				4CC6EC1426091683002C6079 /* Base */,
			);
			name = Main.storyboard;
			sourceTree = "<group>";
		};
		4CC6EC1826091684002C6079 /* LaunchScreen.storyboard */ = {
			isa = PBXVariantGroup;
			children = (
				4CC6EC1926091684002C6079 /* Base */,
			);
			name = LaunchScreen.storyboard;
			sourceTree = "<group>";
		};
/* End PBXVariantGroup section */

/* Begin XCBuildConfiguration section */
		4CC6EC3226091684002C6079 /* Debug */ = {
			isa = XCBuildConfiguration;
			buildSettings = {
				ALWAYS_SEARCH_USER_PATHS = NO;
				CLANG_ANALYZER_NONNULL = YES;
				CLANG_ANALYZER_NUMBER_OBJECT_CONVERSION = YES_AGGRESSIVE;
				CLANG_CXX_LANGUAGE_STANDARD = "gnu++14";
				CLANG_CXX_LIBRARY = "libc++";
				CLANG_ENABLE_MODULES = YES;
				CLANG_ENABLE_OBJC_ARC = YES;
				CLANG_ENABLE_OBJC_WEAK = YES;
				CLANG_WARN_BLOCK_CAPTURE_AUTORELEASING = YES;
				CLANG_WARN_BOOL_CONVERSION = YES;
				CLANG_WARN_COMMA = YES;
				CLANG_WARN_CONSTANT_CONVERSION = YES;
				CLANG_WARN_DEPRECATED_OBJC_IMPLEMENTATIONS = YES;
				CLANG_WARN_DIRECT_OBJC_ISA_USAGE = YES_ERROR;
				CLANG_WARN_DOCUMENTATION_COMMENTS = YES;
				CLANG_WARN_EMPTY_BODY = YES;
				CLANG_WARN_ENUM_CONVERSION = YES;
				CLANG_WARN_INFINITE_RECURSION = YES;
				CLANG_WARN_INT_CONVERSION = YES;
				CLANG_WARN_NON_LITERAL_NULL_CONVERSION = YES;
				CLANG_WARN_OBJC_IMPLICIT_RETAIN_SELF = YES;
				CLANG_WARN_OBJC_LITERAL_CONVERSION = YES;
				CLANG_WARN_OBJC_ROOT_CLASS = YES_ERROR;
				CLANG_WARN_QUOTED_INCLUDE_IN_FRAMEWORK_HEADER = YES;
				CLANG_WARN_RANGE_LOOP_ANALYSIS = YES;
				CLANG_WARN_STRICT_PROTOTYPES = YES;
				CLANG_WARN_SUSPICIOUS_MOVE = YES;
				CLANG_WARN_UNGUARDED_AVAILABILITY = YES_AGGRESSIVE;
				CLANG_WARN_UNREACHABLE_CODE = YES;
				CLANG_WARN__DUPLICATE_METHOD_MATCH = YES;
				COPY_PHASE_STRIP = NO;
				DEBUG_INFORMATION_FORMAT = dwarf;
				ENABLE_STRICT_OBJC_MSGSEND = YES;
				ENABLE_TESTABILITY = YES;
				GCC_C_LANGUAGE_STANDARD = gnu11;
				GCC_DYNAMIC_NO_PIC = NO;
				GCC_NO_COMMON_BLOCKS = YES;
				GCC_OPTIMIZATION_LEVEL = 0;
				GCC_PREPROCESSOR_DEFINITIONS = (
					"DEBUG=1",
					"$(inherited)",
				);
				GCC_WARN_64_TO_32_BIT_CONVERSION = YES;
				GCC_WARN_ABOUT_RETURN_TYPE = YES_ERROR;
				GCC_WARN_UNDECLARED_SELECTOR = YES;
				GCC_WARN_UNINITIALIZED_AUTOS = YES_AGGRESSIVE;
				GCC_WARN_UNUSED_FUNCTION = YES;
				GCC_WARN_UNUSED_VARIABLE = YES;
				IPHONEOS_DEPLOYMENT_TARGET = 14.4;
				MTL_ENABLE_DEBUG_INFO = INCLUDE_SOURCE;
				MTL_FAST_MATH = YES;
				ONLY_ACTIVE_ARCH = YES;
				SDKROOT = iphoneos;
				SWIFT_ACTIVE_COMPILATION_CONDITIONS = DEBUG;
				SWIFT_OPTIMIZATION_LEVEL = "-Onone";
			};
			name = Debug;
		};
		4CC6EC3326091684002C6079 /* Release */ = {
			isa = XCBuildConfiguration;
			buildSettings = {
				ALWAYS_SEARCH_USER_PATHS = NO;
				CLANG_ANALYZER_NONNULL = YES;
				CLANG_ANALYZER_NUMBER_OBJECT_CONVERSION = YES_AGGRESSIVE;
				CLANG_CXX_LANGUAGE_STANDARD = "gnu++14";
				CLANG_CXX_LIBRARY = "libc++";
				CLANG_ENABLE_MODULES = YES;
				CLANG_ENABLE_OBJC_ARC = YES;
				CLANG_ENABLE_OBJC_WEAK = YES;
				CLANG_WARN_BLOCK_CAPTURE_AUTORELEASING = YES;
				CLANG_WARN_BOOL_CONVERSION = YES;
				CLANG_WARN_COMMA = YES;
				CLANG_WARN_CONSTANT_CONVERSION = YES;
				CLANG_WARN_DEPRECATED_OBJC_IMPLEMENTATIONS = YES;
				CLANG_WARN_DIRECT_OBJC_ISA_USAGE = YES_ERROR;
				CLANG_WARN_DOCUMENTATION_COMMENTS = YES;
				CLANG_WARN_EMPTY_BODY = YES;
				CLANG_WARN_ENUM_CONVERSION = YES;
				CLANG_WARN_INFINITE_RECURSION = YES;
				CLANG_WARN_INT_CONVERSION = YES;
				CLANG_WARN_NON_LITERAL_NULL_CONVERSION = YES;
				CLANG_WARN_OBJC_IMPLICIT_RETAIN_SELF = YES;
				CLANG_WARN_OBJC_LITERAL_CONVERSION = YES;
				CLANG_WARN_OBJC_ROOT_CLASS = YES_ERROR;
				CLANG_WARN_QUOTED_INCLUDE_IN_FRAMEWORK_HEADER = YES;
				CLANG_WARN_RANGE_LOOP_ANALYSIS = YES;
				CLANG_WARN_STRICT_PROTOTYPES = YES;
				CLANG_WARN_SUSPICIOUS_MOVE = YES;
				CLANG_WARN_UNGUARDED_AVAILABILITY = YES_AGGRESSIVE;
				CLANG_WARN_UNREACHABLE_CODE = YES;
				CLANG_WARN__DUPLICATE_METHOD_MATCH = YES;
				COPY_PHASE_STRIP = NO;
				DEBUG_INFORMATION_FORMAT = "dwarf-with-dsym";
				ENABLE_NS_ASSERTIONS = NO;
				ENABLE_STRICT_OBJC_MSGSEND = YES;
				GCC_C_LANGUAGE_STANDARD = gnu11;
				GCC_NO_COMMON_BLOCKS = YES;
				GCC_WARN_64_TO_32_BIT_CONVERSION = YES;
				GCC_WARN_ABOUT_RETURN_TYPE = YES_ERROR;
				GCC_WARN_UNDECLARED_SELECTOR = YES;
				GCC_WARN_UNINITIALIZED_AUTOS = YES_AGGRESSIVE;
				GCC_WARN_UNUSED_FUNCTION = YES;
				GCC_WARN_UNUSED_VARIABLE = YES;
				IPHONEOS_DEPLOYMENT_TARGET = 14.4;
				MTL_ENABLE_DEBUG_INFO = NO;
				MTL_FAST_MATH = YES;
				SDKROOT = iphoneos;
				SWIFT_COMPILATION_MODE = wholemodule;
				SWIFT_OPTIMIZATION_LEVEL = "-O";
				VALIDATE_PRODUCT = YES;
			};
			name = Release;
		};
		4CC6EC3526091684002C6079 /* Debug */ = {
			isa = XCBuildConfiguration;
			buildSettings = {
				ASSETCATALOG_COMPILER_APPICON_NAME = AppIcon;
				ASSETCATALOG_COMPILER_GLOBAL_ACCENT_COLOR_NAME = AccentColor;
				CODE_SIGN_STYLE = Automatic;
				DEVELOPMENT_TEAM = A39ARW5Y9W;
				INFOPLIST_FILE = Udder/Info.plist;
				LD_RUNPATH_SEARCH_PATHS = (
					"$(inherited)",
					"@executable_path/Frameworks",
				);
				PRODUCT_BUNDLE_IDENTIFIER = com.vladimirSN.Udder;
				PRODUCT_NAME = "$(TARGET_NAME)";
				SWIFT_VERSION = 5.0;
				TARGETED_DEVICE_FAMILY = "1,2";
			};
			name = Debug;
		};
		4CC6EC3626091684002C6079 /* Release */ = {
			isa = XCBuildConfiguration;
			buildSettings = {
				ASSETCATALOG_COMPILER_APPICON_NAME = AppIcon;
				ASSETCATALOG_COMPILER_GLOBAL_ACCENT_COLOR_NAME = AccentColor;
				CODE_SIGN_STYLE = Automatic;
				DEVELOPMENT_TEAM = A39ARW5Y9W;
				INFOPLIST_FILE = Udder/Info.plist;
				LD_RUNPATH_SEARCH_PATHS = (
					"$(inherited)",
					"@executable_path/Frameworks",
				);
				PRODUCT_BUNDLE_IDENTIFIER = com.vladimirSN.Udder;
				PRODUCT_NAME = "$(TARGET_NAME)";
				SWIFT_VERSION = 5.0;
				TARGETED_DEVICE_FAMILY = "1,2";
			};
			name = Release;
		};
		4CC6EC3826091684002C6079 /* Debug */ = {
			isa = XCBuildConfiguration;
			buildSettings = {
				ALWAYS_EMBED_SWIFT_STANDARD_LIBRARIES = YES;
				BUNDLE_LOADER = "$(TEST_HOST)";
				CODE_SIGN_STYLE = Automatic;
				DEVELOPMENT_TEAM = A39ARW5Y9W;
				INFOPLIST_FILE = UdderTests/Info.plist;
				IPHONEOS_DEPLOYMENT_TARGET = 14.4;
				LD_RUNPATH_SEARCH_PATHS = (
					"$(inherited)",
					"@executable_path/Frameworks",
					"@loader_path/Frameworks",
				);
				PRODUCT_BUNDLE_IDENTIFIER = com.vladimirSN.UdderTests;
				PRODUCT_NAME = "$(TARGET_NAME)";
				SWIFT_VERSION = 5.0;
				TARGETED_DEVICE_FAMILY = "1,2";
				TEST_HOST = "$(BUILT_PRODUCTS_DIR)/Udder.app/Udder";
			};
			name = Debug;
		};
		4CC6EC3926091684002C6079 /* Release */ = {
			isa = XCBuildConfiguration;
			buildSettings = {
				ALWAYS_EMBED_SWIFT_STANDARD_LIBRARIES = YES;
				BUNDLE_LOADER = "$(TEST_HOST)";
				CODE_SIGN_STYLE = Automatic;
				DEVELOPMENT_TEAM = A39ARW5Y9W;
				INFOPLIST_FILE = UdderTests/Info.plist;
				IPHONEOS_DEPLOYMENT_TARGET = 14.4;
				LD_RUNPATH_SEARCH_PATHS = (
					"$(inherited)",
					"@executable_path/Frameworks",
					"@loader_path/Frameworks",
				);
				PRODUCT_BUNDLE_IDENTIFIER = com.vladimirSN.UdderTests;
				PRODUCT_NAME = "$(TARGET_NAME)";
				SWIFT_VERSION = 5.0;
				TARGETED_DEVICE_FAMILY = "1,2";
				TEST_HOST = "$(BUILT_PRODUCTS_DIR)/Udder.app/Udder";
			};
			name = Release;
		};
		4CC6EC3B26091684002C6079 /* Debug */ = {
			isa = XCBuildConfiguration;
			buildSettings = {
				ALWAYS_EMBED_SWIFT_STANDARD_LIBRARIES = YES;
				CODE_SIGN_STYLE = Automatic;
				DEVELOPMENT_TEAM = A39ARW5Y9W;
				INFOPLIST_FILE = UdderUITests/Info.plist;
				LD_RUNPATH_SEARCH_PATHS = (
					"$(inherited)",
					"@executable_path/Frameworks",
					"@loader_path/Frameworks",
				);
				PRODUCT_BUNDLE_IDENTIFIER = com.vladimirSN.UdderUITests;
				PRODUCT_NAME = "$(TARGET_NAME)";
				SWIFT_VERSION = 5.0;
				TARGETED_DEVICE_FAMILY = "1,2";
				TEST_TARGET_NAME = Udder;
			};
			name = Debug;
		};
		4CC6EC3C26091684002C6079 /* Release */ = {
			isa = XCBuildConfiguration;
			buildSettings = {
				ALWAYS_EMBED_SWIFT_STANDARD_LIBRARIES = YES;
				CODE_SIGN_STYLE = Automatic;
				DEVELOPMENT_TEAM = A39ARW5Y9W;
				INFOPLIST_FILE = UdderUITests/Info.plist;
				LD_RUNPATH_SEARCH_PATHS = (
					"$(inherited)",
					"@executable_path/Frameworks",
					"@loader_path/Frameworks",
				);
				PRODUCT_BUNDLE_IDENTIFIER = com.vladimirSN.UdderUITests;
				PRODUCT_NAME = "$(TARGET_NAME)";
				SWIFT_VERSION = 5.0;
				TARGETED_DEVICE_FAMILY = "1,2";
				TEST_TARGET_NAME = Udder;
			};
			name = Release;
		};
/* End XCBuildConfiguration section */

/* Begin XCConfigurationList section */
		4CC6EC0526091683002C6079 /* Build configuration list for PBXProject "Udder" */ = {
			isa = XCConfigurationList;
			buildConfigurations = (
				4CC6EC3226091684002C6079 /* Debug */,
				4CC6EC3326091684002C6079 /* Release */,
			);
			defaultConfigurationIsVisible = 0;
			defaultConfigurationName = Release;
		};
		4CC6EC3426091684002C6079 /* Build configuration list for PBXNativeTarget "Udder" */ = {
			isa = XCConfigurationList;
			buildConfigurations = (
				4CC6EC3526091684002C6079 /* Debug */,
				4CC6EC3626091684002C6079 /* Release */,
			);
			defaultConfigurationIsVisible = 0;
			defaultConfigurationName = Release;
		};
		4CC6EC3726091684002C6079 /* Build configuration list for PBXNativeTarget "UdderTests" */ = {
			isa = XCConfigurationList;
			buildConfigurations = (
				4CC6EC3826091684002C6079 /* Debug */,
				4CC6EC3926091684002C6079 /* Release */,
			);
			defaultConfigurationIsVisible = 0;
			defaultConfigurationName = Release;
		};
		4CC6EC3A26091684002C6079 /* Build configuration list for PBXNativeTarget "UdderUITests" */ = {
			isa = XCConfigurationList;
			buildConfigurations = (
				4CC6EC3B26091684002C6079 /* Debug */,
				4CC6EC3C26091684002C6079 /* Release */,
			);
			defaultConfigurationIsVisible = 0;
			defaultConfigurationName = Release;
		};
/* End XCConfigurationList section */
	};
	rootObject = 4CC6EC0226091683002C6079 /* Project object */;
}
